
Microsoft Visual Studio Solution File, Format Version 12.00
# Visual Studio Version 17
VisualStudioVersion = 17.5.002.0
MinimumVisualStudioVersion = 10.0.40219.1
Project("{9A19103F-16F7-4668-BE54-9A1E7A4F7556}") = "Tasks", "Tasks.csproj", "{E4804EAE-A9CB-4CFD-937E-A348DD0268FC}"
EndProject
Global
	GlobalSection(SolutionConfigurationPlatforms) = preSolution
		Debug|Any CPU = Debug|Any CPU
		Release|Any CPU = Release|Any CPU
	EndGlobalSection
	GlobalSection(ProjectConfigurationPlatforms) = postSolution
		{E4804EAE-A9CB-4CFD-937E-A348DD0268FC}.Debug|Any CPU.ActiveCfg = Debug|Any CPU
		{E4804EAE-A9CB-4CFD-937E-A348DD0268FC}.Debug|Any CPU.Build.0 = Debug|Any CPU
		{E4804EAE-A9CB-4CFD-937E-A348DD0268FC}.Release|Any CPU.ActiveCfg = Release|Any CPU
		{E4804EAE-A9CB-4CFD-937E-A348DD0268FC}.Release|Any CPU.Build.0 = Release|Any CPU
	EndGlobalSection
	GlobalSection(SolutionProperties) = preSolution
		HideSolutionNode = FALSE
	EndGlobalSection
	GlobalSection(ExtensibilityGlobals) = postSolution
		SolutionGuid = {2E08CB2B-F2B8-4865-BA0D-553C2072ED4D}
	EndGlobalSection
EndGlobal
