
Microsoft Visual Studio Solution File, Format Version 12.00
# Visual Studio Version 17
VisualStudioVersion = 17.5.002.0
MinimumVisualStudioVersion = 10.0.40219.1
Project("{9A19103F-16F7-4668-BE54-9A1E7A4F7556}") = "Tasks", "Tasks\Tasks.csproj", "{E94873DC-38EA-4AB9-A623-439D93692EE2}"
EndProject
Project("{9A19103F-16F7-4668-BE54-9A1E7A4F7556}") = "KafkaConnect", "KafkaConnect\KafkaConnect.csproj", "{A15D65F7-D050-4830-AECE-F02634FF2C38}"
EndProject
Project("{9A19103F-16F7-4668-BE54-9A1E7A4F7556}") = "Receiver", "Receiver\Receiver.csproj", "{535F7ECF-43AA-40F6-8501-D28B9D8FAB43}"
EndProject
Global
	GlobalSection(SolutionConfigurationPlatforms) = preSolution
		Debug|Any CPU = Debug|Any CPU
		Release|Any CPU = Release|Any CPU
	EndGlobalSection
	GlobalSection(ProjectConfigurationPlatforms) = postSolution
		{E94873DC-38EA-4AB9-A623-439D93692EE2}.Debug|Any CPU.ActiveCfg = Debug|Any CPU
		{E94873DC-38EA-4AB9-A623-439D93692EE2}.Debug|Any CPU.Build.0 = Debug|Any CPU
		{E94873DC-38EA-4AB9-A623-439D93692EE2}.Release|Any CPU.ActiveCfg = Release|Any CPU
		{E94873DC-38EA-4AB9-A623-439D93692EE2}.Release|Any CPU.Build.0 = Release|Any CPU
		{A15D65F7-D050-4830-AECE-F02634FF2C38}.Debug|Any CPU.ActiveCfg = Debug|Any CPU
		{A15D65F7-D050-4830-AECE-F02634FF2C38}.Debug|Any CPU.Build.0 = Debug|Any CPU
		{A15D65F7-D050-4830-AECE-F02634FF2C38}.Release|Any CPU.ActiveCfg = Release|Any CPU
		{A15D65F7-D050-4830-AECE-F02634FF2C38}.Release|Any CPU.Build.0 = Release|Any CPU
		{535F7ECF-43AA-40F6-8501-D28B9D8FAB43}.Debug|Any CPU.ActiveCfg = Debug|Any CPU
		{535F7ECF-43AA-40F6-8501-D28B9D8FAB43}.Debug|Any CPU.Build.0 = Debug|Any CPU
		{535F7ECF-43AA-40F6-8501-D28B9D8FAB43}.Release|Any CPU.ActiveCfg = Release|Any CPU
		{535F7ECF-43AA-40F6-8501-D28B9D8FAB43}.Release|Any CPU.Build.0 = Release|Any CPU
	EndGlobalSection
	GlobalSection(SolutionProperties) = preSolution
		HideSolutionNode = FALSE
	EndGlobalSection
	GlobalSection(ExtensibilityGlobals) = postSolution
		SolutionGuid = {B7C2340B-9B04-4477-B1E9-155969FD6818}
	EndGlobalSection
EndGlobal
