
Microsoft Visual Studio Solution File, Format Version 12.00
# Visual Studio Version 17
VisualStudioVersion = 17.5.002.0
MinimumVisualStudioVersion = 10.0.40219.1
Project("{9A19103F-16F7-4668-BE54-9A1E7A4F7556}") = "KafkaConnect", "KafkaConnect\KafkaConnect.csproj", "{1A8AABB1-F7DA-4634-BCBD-DEFC8E6EF12C}"
EndProject
Project("{9A19103F-16F7-4668-BE54-9A1E7A4F7556}") = "Receiver", "Receiver\Receiver.csproj", "{2997B888-ABF5-4754-88F2-C59123F0B8C4}"
EndProject
Project("{9A19103F-16F7-4668-BE54-9A1E7A4F7556}") = "Tasks", "Tasks\Tasks.csproj", "{B49AD19A-4E74-49E1-AD96-F61FEDC63412}"
EndProject
Global
	GlobalSection(SolutionConfigurationPlatforms) = preSolution
		Debug|Any CPU = Debug|Any CPU
		Release|Any CPU = Release|Any CPU
	EndGlobalSection
	GlobalSection(ProjectConfigurationPlatforms) = postSolution
		{1A8AABB1-F7DA-4634-BCBD-DEFC8E6EF12C}.Debug|Any CPU.ActiveCfg = Debug|Any CPU
		{1A8AABB1-F7DA-4634-BCBD-DEFC8E6EF12C}.Debug|Any CPU.Build.0 = Debug|Any CPU
		{1A8AABB1-F7DA-4634-BCBD-DEFC8E6EF12C}.Release|Any CPU.ActiveCfg = Release|Any CPU
		{1A8AABB1-F7DA-4634-BCBD-DEFC8E6EF12C}.Release|Any CPU.Build.0 = Release|Any CPU
		{2997B888-ABF5-4754-88F2-C59123F0B8C4}.Debug|Any CPU.ActiveCfg = Debug|Any CPU
		{2997B888-ABF5-4754-88F2-C59123F0B8C4}.Debug|Any CPU.Build.0 = Debug|Any CPU
		{2997B888-ABF5-4754-88F2-C59123F0B8C4}.Release|Any CPU.ActiveCfg = Release|Any CPU
		{2997B888-ABF5-4754-88F2-C59123F0B8C4}.Release|Any CPU.Build.0 = Release|Any CPU
		{B49AD19A-4E74-49E1-AD96-F61FEDC63412}.Debug|Any CPU.ActiveCfg = Debug|Any CPU
		{B49AD19A-4E74-49E1-AD96-F61FEDC63412}.Debug|Any CPU.Build.0 = Debug|Any CPU
		{B49AD19A-4E74-49E1-AD96-F61FEDC63412}.Release|Any CPU.ActiveCfg = Release|Any CPU
		{B49AD19A-4E74-49E1-AD96-F61FEDC63412}.Release|Any CPU.Build.0 = Release|Any CPU
	EndGlobalSection
	GlobalSection(SolutionProperties) = preSolution
		HideSolutionNode = FALSE
	EndGlobalSection
	GlobalSection(ExtensibilityGlobals) = postSolution
		SolutionGuid = {B7C2340B-9B04-4477-B1E9-155969FD6818}
	EndGlobalSection
EndGlobal
